
Microsoft Visual Studio Solution File, Format Version 12.00
# Visual Studio Version 16
VisualStudioVersion = 16.0.30204.135
MinimumVisualStudioVersion = 10.0.40219.1
Project("{FAE04EC0-301F-11D3-BF4B-00C04F79EFBC}") = "MixApp.UWP", "MixApp\MixApp.UWP\MixApp.UWP.csproj", "{6E68A20D-BB83-49F4-A840-01817E657FA7}"
EndProject
Project("{FAE04EC0-301F-11D3-BF4B-00C04F79EFBC}") = "MixApp.Android", "MixApp\MixApp.Android\MixApp.Android.csproj", "{9BC318AB-EC7D-4FB2-99F7-E36D84C2063A}"
EndProject
Project("{FAE04EC0-301F-11D3-BF4B-00C04F79EFBC}") = "MixApp", "MixApp\MixApp\MixApp.csproj", "{E2350C13-9E21-4CED-8B46-D86AC7D2B98E}"
EndProject
Global
	GlobalSection(SolutionConfigurationPlatforms) = preSolution
		Debug|Any CPU = Debug|Any CPU
		Debug|ARM = Debug|ARM
		Debug|x64 = Debug|x64
		Debug|x86 = Debug|x86
		Release|Any CPU = Release|Any CPU
		Release|ARM = Release|ARM
		Release|x64 = Release|x64
		Release|x86 = Release|x86
	EndGlobalSection
	GlobalSection(ProjectConfigurationPlatforms) = postSolution
		{6E68A20D-BB83-49F4-A840-01817E657FA7}.Debug|Any CPU.ActiveCfg = Debug|x86
		{6E68A20D-BB83-49F4-A840-01817E657FA7}.Debug|Any CPU.Build.0 = Debug|x86
		{6E68A20D-BB83-49F4-A840-01817E657FA7}.Debug|Any CPU.Deploy.0 = Debug|x86
		{6E68A20D-BB83-49F4-A840-01817E657FA7}.Debug|ARM.ActiveCfg = Debug|ARM
		{6E68A20D-BB83-49F4-A840-01817E657FA7}.Debug|ARM.Build.0 = Debug|ARM
		{6E68A20D-BB83-49F4-A840-01817E657FA7}.Debug|ARM.Deploy.0 = Debug|ARM
		{6E68A20D-BB83-49F4-A840-01817E657FA7}.Debug|x64.ActiveCfg = Debug|x64
		{6E68A20D-BB83-49F4-A840-01817E657FA7}.Debug|x64.Build.0 = Debug|x64
		{6E68A20D-BB83-49F4-A840-01817E657FA7}.Debug|x64.Deploy.0 = Debug|x64
		{6E68A20D-BB83-49F4-A840-01817E657FA7}.Debug|x86.ActiveCfg = Debug|x86
		{6E68A20D-BB83-49F4-A840-01817E657FA7}.Debug|x86.Build.0 = Debug|x86
		{6E68A20D-BB83-49F4-A840-01817E657FA7}.Debug|x86.Deploy.0 = Debug|x86
		{6E68A20D-BB83-49F4-A840-01817E657FA7}.Release|Any CPU.ActiveCfg = Release|x86
		{6E68A20D-BB83-49F4-A840-01817E657FA7}.Release|Any CPU.Build.0 = Release|x86
		{6E68A20D-BB83-49F4-A840-01817E657FA7}.Release|Any CPU.Deploy.0 = Release|x86
		{6E68A20D-BB83-49F4-A840-01817E657FA7}.Release|ARM.ActiveCfg = Release|ARM
		{6E68A20D-BB83-49F4-A840-01817E657FA7}.Release|ARM.Build.0 = Release|ARM
		{6E68A20D-BB83-49F4-A840-01817E657FA7}.Release|ARM.Deploy.0 = Release|ARM
		{6E68A20D-BB83-49F4-A840-01817E657FA7}.Release|x64.ActiveCfg = Release|x64
		{6E68A20D-BB83-49F4-A840-01817E657FA7}.Release|x64.Build.0 = Release|x64
		{6E68A20D-BB83-49F4-A840-01817E657FA7}.Release|x64.Deploy.0 = Release|x64
		{6E68A20D-BB83-49F4-A840-01817E657FA7}.Release|x86.ActiveCfg = Release|x86
		{6E68A20D-BB83-49F4-A840-01817E657FA7}.Release|x86.Build.0 = Release|x86
		{6E68A20D-BB83-49F4-A840-01817E657FA7}.Release|x86.Deploy.0 = Release|x86
		{9BC318AB-EC7D-4FB2-99F7-E36D84C2063A}.Debug|Any CPU.ActiveCfg = Debug|Any CPU
		{9BC318AB-EC7D-4FB2-99F7-E36D84C2063A}.Debug|Any CPU.Build.0 = Debug|Any CPU
		{9BC318AB-EC7D-4FB2-99F7-E36D84C2063A}.Debug|Any CPU.Deploy.0 = Debug|Any CPU
		{9BC318AB-EC7D-4FB2-99F7-E36D84C2063A}.Debug|ARM.ActiveCfg = Debug|Any CPU
		{9BC318AB-EC7D-4FB2-99F7-E36D84C2063A}.Debug|ARM.Build.0 = Debug|Any CPU
		{9BC318AB-EC7D-4FB2-99F7-E36D84C2063A}.Debug|ARM.Deploy.0 = Debug|Any CPU
		{9BC318AB-EC7D-4FB2-99F7-E36D84C2063A}.Debug|x64.ActiveCfg = Debug|Any CPU
		{9BC318AB-EC7D-4FB2-99F7-E36D84C2063A}.Debug|x64.Build.0 = Debug|Any CPU
		{9BC318AB-EC7D-4FB2-99F7-E36D84C2063A}.Debug|x64.Deploy.0 = Debug|Any CPU
		{9BC318AB-EC7D-4FB2-99F7-E36D84C2063A}.Debug|x86.ActiveCfg = Debug|Any CPU
		{9BC318AB-EC7D-4FB2-99F7-E36D84C2063A}.Debug|x86.Build.0 = Debug|Any CPU
		{9BC318AB-EC7D-4FB2-99F7-E36D84C2063A}.Debug|x86.Deploy.0 = Debug|Any CPU
		{9BC318AB-EC7D-4FB2-99F7-E36D84C2063A}.Release|Any CPU.ActiveCfg = Release|Any CPU
		{9BC318AB-EC7D-4FB2-99F7-E36D84C2063A}.Release|Any CPU.Build.0 = Release|Any CPU
		{9BC318AB-EC7D-4FB2-99F7-E36D84C2063A}.Release|Any CPU.Deploy.0 = Release|Any CPU
		{9BC318AB-EC7D-4FB2-99F7-E36D84C2063A}.Release|ARM.ActiveCfg = Release|Any CPU
		{9BC318AB-EC7D-4FB2-99F7-E36D84C2063A}.Release|ARM.Build.0 = Release|Any CPU
		{9BC318AB-EC7D-4FB2-99F7-E36D84C2063A}.Release|ARM.Deploy.0 = Release|Any CPU
		{9BC318AB-EC7D-4FB2-99F7-E36D84C2063A}.Release|x64.ActiveCfg = Release|Any CPU
		{9BC318AB-EC7D-4FB2-99F7-E36D84C2063A}.Release|x64.Build.0 = Release|Any CPU
		{9BC318AB-EC7D-4FB2-99F7-E36D84C2063A}.Release|x64.Deploy.0 = Release|Any CPU
		{9BC318AB-EC7D-4FB2-99F7-E36D84C2063A}.Release|x86.ActiveCfg = Release|Any CPU
		{9BC318AB-EC7D-4FB2-99F7-E36D84C2063A}.Release|x86.Build.0 = Release|Any CPU
		{9BC318AB-EC7D-4FB2-99F7-E36D84C2063A}.Release|x86.Deploy.0 = Release|Any CPU
		{E2350C13-9E21-4CED-8B46-D86AC7D2B98E}.Debug|Any CPU.ActiveCfg = Debug|Any CPU
		{E2350C13-9E21-4CED-8B46-D86AC7D2B98E}.Debug|Any CPU.Build.0 = Debug|Any CPU
		{E2350C13-9E21-4CED-8B46-D86AC7D2B98E}.Debug|Any CPU.Deploy.0 = Debug|Any CPU
		{E2350C13-9E21-4CED-8B46-D86AC7D2B98E}.Debug|ARM.ActiveCfg = Debug|Any CPU
		{E2350C13-9E21-4CED-8B46-D86AC7D2B98E}.Debug|ARM.Build.0 = Debug|Any CPU
		{E2350C13-9E21-4CED-8B46-D86AC7D2B98E}.Debug|ARM.Deploy.0 = Debug|Any CPU
		{E2350C13-9E21-4CED-8B46-D86AC7D2B98E}.Debug|x64.ActiveCfg = Debug|Any CPU
		{E2350C13-9E21-4CED-8B46-D86AC7D2B98E}.Debug|x64.Build.0 = Debug|Any CPU
		{E2350C13-9E21-4CED-8B46-D86AC7D2B98E}.Debug|x64.Deploy.0 = Debug|Any CPU
		{E2350C13-9E21-4CED-8B46-D86AC7D2B98E}.Debug|x86.ActiveCfg = Debug|Any CPU
		{E2350C13-9E21-4CED-8B46-D86AC7D2B98E}.Debug|x86.Build.0 = Debug|Any CPU
		{E2350C13-9E21-4CED-8B46-D86AC7D2B98E}.Debug|x86.Deploy.0 = Debug|Any CPU
		{E2350C13-9E21-4CED-8B46-D86AC7D2B98E}.Release|Any CPU.ActiveCfg = Release|Any CPU
		{E2350C13-9E21-4CED-8B46-D86AC7D2B98E}.Release|Any CPU.Build.0 = Release|Any CPU
		{E2350C13-9E21-4CED-8B46-D86AC7D2B98E}.Release|Any CPU.Deploy.0 = Release|Any CPU
		{E2350C13-9E21-4CED-8B46-D86AC7D2B98E}.Release|ARM.ActiveCfg = Release|Any CPU
		{E2350C13-9E21-4CED-8B46-D86AC7D2B98E}.Release|ARM.Build.0 = Release|Any CPU
		{E2350C13-9E21-4CED-8B46-D86AC7D2B98E}.Release|ARM.Deploy.0 = Release|Any CPU
		{E2350C13-9E21-4CED-8B46-D86AC7D2B98E}.Release|x64.ActiveCfg = Release|Any CPU
		{E2350C13-9E21-4CED-8B46-D86AC7D2B98E}.Release|x64.Build.0 = Release|Any CPU
		{E2350C13-9E21-4CED-8B46-D86AC7D2B98E}.Release|x64.Deploy.0 = Release|Any CPU
		{E2350C13-9E21-4CED-8B46-D86AC7D2B98E}.Release|x86.ActiveCfg = Release|Any CPU
		{E2350C13-9E21-4CED-8B46-D86AC7D2B98E}.Release|x86.Build.0 = Release|Any CPU
		{E2350C13-9E21-4CED-8B46-D86AC7D2B98E}.Release|x86.Deploy.0 = Release|Any CPU
	EndGlobalSection
	GlobalSection(SolutionProperties) = preSolution
		HideSolutionNode = FALSE
	EndGlobalSection
	GlobalSection(ExtensibilityGlobals) = postSolution
		SolutionGuid = {58172310-357A-4999-BC51-71ECCDFDA112}
	EndGlobalSection
EndGlobal
